{
  "lockfileVersion": 1,
  "configVersion": 1,
  "workspaces": {
    "": {
      "name": "form-connector",
      "devDependencies": {
        "@types/bun": "latest",
        "@types/google-apps-script": "^2.0.8",
        "firestore_google-apps-script": "chikamichi/FirestoreGoogleAppsScript#typescript-export-types",
      },
      "peerDependencies": {
        "typescript": "^5",
      },
    },
  },
  "trustedDependencies": [
    "firestore_google-apps-script",
  ],
  "packages": {
    "@types/bun": ["@types/bun@1.3.9", "", { "dependencies": { "bun-types": "1.3.9" } }, "sha512-KQ571yULOdWJiMH+RIWIOZ7B2RXQGpL1YQrBtLIV3FqDcCu6FsbFUBwhdKUlCKUpS3PJDsHlJ1QKlpxoVR+xtw=="],

    "@types/gapi.client": ["@types/gapi.client@1.0.8", "", {}, "sha512-qJQUmmumbYym3Amax0S8CVzuSngcXsC1fJdwRS2zeW5lM63zXkw4wJFP+bG0jzgi0R6EsJKoHnGNVTDbOyG1ng=="],

    "@types/google-apps-script": ["@types/google-apps-script@2.0.8", "", {}, "sha512-mGPmzzdgBu1DlwrjOhFQ8u0se6AF/z4OpaTzOGwNKxwXZjE7J+IssfE3oL24j/S/p6aFiSTIptHZvbyqeZD8vA=="],

    "@types/jsonwebtoken": ["@types/jsonwebtoken@8.5.9", "", { "dependencies": { "@types/node": "*" } }, "sha512-272FMnFGzAVMGtu9tkr29hRL6bZj4Zs1KZNeHLnKqAvp06tAIcarTMwOh8/8bz4FmKRcMxZhZNeUAQsNLoiPhg=="],

    "@types/node": ["@types/node@25.3.1", "", { "dependencies": { "undici-types": "~7.18.0" } }, "sha512-hj9YIJimBCipHVfHKRMnvmHg+wfhKc0o4mTtXh9pKBjC8TLJzz0nzGmLi5UJsYAUgSvXFHgb0V2oY10DUFtImw=="],

    "bun-types": ["bun-types@1.3.9", "", { "dependencies": { "@types/node": "*" } }, "sha512-+UBWWOakIP4Tswh0Bt0QD0alpTY8cb5hvgiYeWCMet9YukHbzuruIEeXC2D7nMJPB12kbh8C7XJykSexEqGKJg=="],

    "firestore_google-apps-script": ["firestore_google-apps-script@github:chikamichi/FirestoreGoogleAppsScript#ee794ac", { "dependencies": { "@types/gapi.client": "^1.0.3", "@types/google-apps-script": "^1.0.14", "@types/jsonwebtoken": "^8.5.0" } }, "chikamichi-FirestoreGoogleAppsScript-ee794ac"],

    "typescript": ["typescript@5.9.3", "", { "bin": { "tsc": "bin/tsc", "tsserver": "bin/tsserver" } }, "sha512-jl1vZzPDinLr9eUt3J/t7V6FgNEw9QjvBPdysz9KfQDD41fQrC2Y4vKQdiaUpFT4bXlb1RHhLpp8wtm6M5TgSw=="],

    "undici-types": ["undici-types@7.18.2", "", {}, "sha512-AsuCzffGHJybSaRrmr5eHr81mwJU3kjw6M+uprWvCXiNeN9SOGwQ3Jn8jb8m3Z6izVgknn1R0FTCEAP2QrLY/w=="],

    "firestore_google-apps-script/@types/google-apps-script": ["@types/google-apps-script@1.0.100", "", {}, "sha512-POgcjcDbrjYJYf3Av6j5n+z9/z/WulCNh9Gj199HgrcgRLzcQLg5ALw6jdWcgBkzgTLNYZSe7/01aOfiNzzn9g=="],
  }
}
